
Microsoft Visual Studio Solution File, Format Version 12.00
# Visual Studio 15
VisualStudioVersion = 15.0.26124.0
MinimumVisualStudioVersion = 15.0.26124.0
Project("{2150E333-8FDC-42A3-9474-1A3956D46DE8}") = "Source", "Source", "{32076F0E-9C0C-4AB7-9AAD-EE8635B30ECE}"
EndProject
Project("{FAE04EC0-301F-11D3-BF4B-00C04F79EFBC}") = "BuckeyeStore.Core", "Source\BuckeyeStore.Core\BuckeyeStore.Core.csproj", "{A780A182-848D-452E-BEF2-47AA9ED60DF8}"
EndProject
Project("{2150E333-8FDC-42A3-9474-1A3956D46DE8}") = "Tests", "Tests", "{7795D08C-3669-4B4F-96C8-50117C745F12}"
EndProject
Project("{FAE04EC0-301F-11D3-BF4B-00C04F79EFBC}") = "BuckeyeStore.Core.Tests", "Tests\BuckeyeStore.Core.Tests\BuckeyeStore.Core.Tests.csproj", "{F8A0E0E7-2DE3-4F46-B787-2F7E3C835596}"
EndProject
Project("{FAE04EC0-301F-11D3-BF4B-00C04F79EFBC}") = "BuckeyeStore.Api", "Source\BuckeyeStore.Api\BuckeyeStore.Api.csproj", "{71FE9982-3806-4D49-A23E-DF51FC1217D8}"
EndProject
Project("{FAE04EC0-301F-11D3-BF4B-00C04F79EFBC}") = "BuckeyeStore.Api.Tests", "Tests\BuckeyeStore.Api.Tests\BuckeyeStore.Api.Tests.csproj", "{032C8B2D-4BF2-4970-81D8-EE3FDD16CC59}"
EndProject
Global
	GlobalSection(SolutionConfigurationPlatforms) = preSolution
		Debug|Any CPU = Debug|Any CPU
		Debug|x64 = Debug|x64
		Debug|x86 = Debug|x86
		Release|Any CPU = Release|Any CPU
		Release|x64 = Release|x64
		Release|x86 = Release|x86
	EndGlobalSection
	GlobalSection(SolutionProperties) = preSolution
		HideSolutionNode = FALSE
	EndGlobalSection
	GlobalSection(ProjectConfigurationPlatforms) = postSolution
		{A780A182-848D-452E-BEF2-47AA9ED60DF8}.Debug|Any CPU.ActiveCfg = Debug|Any CPU
		{A780A182-848D-452E-BEF2-47AA9ED60DF8}.Debug|Any CPU.Build.0 = Debug|Any CPU
		{A780A182-848D-452E-BEF2-47AA9ED60DF8}.Debug|x64.ActiveCfg = Debug|x64
		{A780A182-848D-452E-BEF2-47AA9ED60DF8}.Debug|x64.Build.0 = Debug|x64
		{A780A182-848D-452E-BEF2-47AA9ED60DF8}.Debug|x86.ActiveCfg = Debug|x86
		{A780A182-848D-452E-BEF2-47AA9ED60DF8}.Debug|x86.Build.0 = Debug|x86
		{A780A182-848D-452E-BEF2-47AA9ED60DF8}.Release|Any CPU.ActiveCfg = Release|Any CPU
		{A780A182-848D-452E-BEF2-47AA9ED60DF8}.Release|Any CPU.Build.0 = Release|Any CPU
		{A780A182-848D-452E-BEF2-47AA9ED60DF8}.Release|x64.ActiveCfg = Release|x64
		{A780A182-848D-452E-BEF2-47AA9ED60DF8}.Release|x64.Build.0 = Release|x64
		{A780A182-848D-452E-BEF2-47AA9ED60DF8}.Release|x86.ActiveCfg = Release|x86
		{A780A182-848D-452E-BEF2-47AA9ED60DF8}.Release|x86.Build.0 = Release|x86
		{F8A0E0E7-2DE3-4F46-B787-2F7E3C835596}.Debug|Any CPU.ActiveCfg = Debug|Any CPU
		{F8A0E0E7-2DE3-4F46-B787-2F7E3C835596}.Debug|Any CPU.Build.0 = Debug|Any CPU
		{F8A0E0E7-2DE3-4F46-B787-2F7E3C835596}.Debug|x64.ActiveCfg = Debug|x64
		{F8A0E0E7-2DE3-4F46-B787-2F7E3C835596}.Debug|x64.Build.0 = Debug|x64
		{F8A0E0E7-2DE3-4F46-B787-2F7E3C835596}.Debug|x86.ActiveCfg = Debug|x86
		{F8A0E0E7-2DE3-4F46-B787-2F7E3C835596}.Debug|x86.Build.0 = Debug|x86
		{F8A0E0E7-2DE3-4F46-B787-2F7E3C835596}.Release|Any CPU.ActiveCfg = Release|Any CPU
		{F8A0E0E7-2DE3-4F46-B787-2F7E3C835596}.Release|Any CPU.Build.0 = Release|Any CPU
		{F8A0E0E7-2DE3-4F46-B787-2F7E3C835596}.Release|x64.ActiveCfg = Release|x64
		{F8A0E0E7-2DE3-4F46-B787-2F7E3C835596}.Release|x64.Build.0 = Release|x64
		{F8A0E0E7-2DE3-4F46-B787-2F7E3C835596}.Release|x86.ActiveCfg = Release|x86
		{F8A0E0E7-2DE3-4F46-B787-2F7E3C835596}.Release|x86.Build.0 = Release|x86
		{71FE9982-3806-4D49-A23E-DF51FC1217D8}.Debug|Any CPU.ActiveCfg = Debug|Any CPU
		{71FE9982-3806-4D49-A23E-DF51FC1217D8}.Debug|Any CPU.Build.0 = Debug|Any CPU
		{71FE9982-3806-4D49-A23E-DF51FC1217D8}.Debug|x64.ActiveCfg = Debug|x64
		{71FE9982-3806-4D49-A23E-DF51FC1217D8}.Debug|x64.Build.0 = Debug|x64
		{71FE9982-3806-4D49-A23E-DF51FC1217D8}.Debug|x86.ActiveCfg = Debug|x86
		{71FE9982-3806-4D49-A23E-DF51FC1217D8}.Debug|x86.Build.0 = Debug|x86
		{71FE9982-3806-4D49-A23E-DF51FC1217D8}.Release|Any CPU.ActiveCfg = Release|Any CPU
		{71FE9982-3806-4D49-A23E-DF51FC1217D8}.Release|Any CPU.Build.0 = Release|Any CPU
		{71FE9982-3806-4D49-A23E-DF51FC1217D8}.Release|x64.ActiveCfg = Release|x64
		{71FE9982-3806-4D49-A23E-DF51FC1217D8}.Release|x64.Build.0 = Release|x64
		{71FE9982-3806-4D49-A23E-DF51FC1217D8}.Release|x86.ActiveCfg = Release|x86
		{71FE9982-3806-4D49-A23E-DF51FC1217D8}.Release|x86.Build.0 = Release|x86
		{032C8B2D-4BF2-4970-81D8-EE3FDD16CC59}.Debug|Any CPU.ActiveCfg = Debug|Any CPU
		{032C8B2D-4BF2-4970-81D8-EE3FDD16CC59}.Debug|Any CPU.Build.0 = Debug|Any CPU
		{032C8B2D-4BF2-4970-81D8-EE3FDD16CC59}.Debug|x64.ActiveCfg = Debug|x64
		{032C8B2D-4BF2-4970-81D8-EE3FDD16CC59}.Debug|x64.Build.0 = Debug|x64
		{032C8B2D-4BF2-4970-81D8-EE3FDD16CC59}.Debug|x86.ActiveCfg = Debug|x86
		{032C8B2D-4BF2-4970-81D8-EE3FDD16CC59}.Debug|x86.Build.0 = Debug|x86
		{032C8B2D-4BF2-4970-81D8-EE3FDD16CC59}.Release|Any CPU.ActiveCfg = Release|Any CPU
		{032C8B2D-4BF2-4970-81D8-EE3FDD16CC59}.Release|Any CPU.Build.0 = Release|Any CPU
		{032C8B2D-4BF2-4970-81D8-EE3FDD16CC59}.Release|x64.ActiveCfg = Release|x64
		{032C8B2D-4BF2-4970-81D8-EE3FDD16CC59}.Release|x64.Build.0 = Release|x64
		{032C8B2D-4BF2-4970-81D8-EE3FDD16CC59}.Release|x86.ActiveCfg = Release|x86
		{032C8B2D-4BF2-4970-81D8-EE3FDD16CC59}.Release|x86.Build.0 = Release|x86
	EndGlobalSection
	GlobalSection(NestedProjects) = preSolution
		{A780A182-848D-452E-BEF2-47AA9ED60DF8} = {32076F0E-9C0C-4AB7-9AAD-EE8635B30ECE}
		{F8A0E0E7-2DE3-4F46-B787-2F7E3C835596} = {7795D08C-3669-4B4F-96C8-50117C745F12}
		{71FE9982-3806-4D49-A23E-DF51FC1217D8} = {32076F0E-9C0C-4AB7-9AAD-EE8635B30ECE}
		{032C8B2D-4BF2-4970-81D8-EE3FDD16CC59} = {7795D08C-3669-4B4F-96C8-50117C745F12}
	EndGlobalSection
EndGlobal
